// !$*UTF8*$!
{
	archiveVersion = 1;
	classes = {
	};
	objectVersion = 56;
	objects = {

/* Begin PBXBuildFile section */
		246C48D42B48485A00B0D936 /* PerpustakaanApp.swift in Sources */ = {isa = PBXBuildFile; fileRef = 246C48D32B48485A00B0D936 /* PerpustakaanApp.swift */; };
		246C48D62B48485A00B0D936 /* ContentView.swift in Sources */ = {isa = PBXBuildFile; fileRef = 246C48D52B48485A00B0D936 /* ContentView.swift */; };
		246C48D82B48485C00B0D936 /* Assets.xcassets in Resources */ = {isa = PBXBuildFile; fileRef = 246C48D72B48485C00B0D936 /* Assets.xcassets */; };
		246C48DB2B48485C00B0D936 /* Preview Assets.xcassets in Resources */ = {isa = PBXBuildFile; fileRef = 246C48DA2B48485C00B0D936 /* Preview Assets.xcassets */; };
		246C48E32B484BD700B0D936 /* StackBarNavigationView.swift in Sources */ = {isa = PBXBuildFile; fileRef = 246C48E22B484BD700B0D936 /* StackBarNavigationView.swift */; };
		246C48E62B484C9F00B0D936 /* ContentView.swift in Sources */ = {isa = PBXBuildFile; fileRef = 246C48E42B484C9F00B0D936 /* ContentView.swift */; };
		246C48E72B484C9F00B0D936 /* StackBarNavigationView.swift in Sources */ = {isa = PBXBuildFile; fileRef = 246C48E52B484C9F00B0D936 /* StackBarNavigationView.swift */; };
		246C48F02B484CBE00B0D936 /* Models.swift in Sources */ = {isa = PBXBuildFile; fileRef = 246C48E82B484CBD00B0D936 /* Models.swift */; };
		246C48F12B484CBE00B0D936 /* SideBar.swift in Sources */ = {isa = PBXBuildFile; fileRef = 246C48E92B484CBD00B0D936 /* SideBar.swift */; };
		246C48F22B484CBE00B0D936 /* ViewModel.swift in Sources */ = {isa = PBXBuildFile; fileRef = 246C48EA2B484CBD00B0D936 /* ViewModel.swift */; };
		246C48F32B484CBE00B0D936 /* TransactionListView.swift in Sources */ = {isa = PBXBuildFile; fileRef = 246C48EB2B484CBD00B0D936 /* TransactionListView.swift */; };
		246C48F42B484CBE00B0D936 /* ProductListView.swift in Sources */ = {isa = PBXBuildFile; fileRef = 246C48EC2B484CBE00B0D936 /* ProductListView.swift */; };
		246C48F52B484CBE00B0D936 /* MakeTransactionView.swift in Sources */ = {isa = PBXBuildFile; fileRef = 246C48ED2B484CBE00B0D936 /* MakeTransactionView.swift */; };
		246C48F62B484CBE00B0D936 /* TransactionDetailView.swift in Sources */ = {isa = PBXBuildFile; fileRef = 246C48EE2B484CBE00B0D936 /* TransactionDetailView.swift */; };
		246C48F72B484CBE00B0D936 /* DummyView.swift in Sources */ = {isa = PBXBuildFile; fileRef = 246C48EF2B484CBE00B0D936 /* DummyView.swift */; };
		246C48F92B484CD400B0D936 /* AppState.swift in Sources */ = {isa = PBXBuildFile; fileRef = 246C48F82B484CD400B0D936 /* AppState.swift */; };
/* End PBXBuildFile section */

/* Begin PBXFileReference section */
		246C48D02B48485A00B0D936 /* Perpustakaan.app */ = {isa = PBXFileReference; explicitFileType = wrapper.application; includeInIndex = 0; path = Perpustakaan.app; sourceTree = BUILT_PRODUCTS_DIR; };
		246C48D32B48485A00B0D936 /* PerpustakaanApp.swift */ = {isa = PBXFileReference; lastKnownFileType = sourcecode.swift; path = PerpustakaanApp.swift; sourceTree = "<group>"; };
		246C48D52B48485A00B0D936 /* ContentView.swift */ = {isa = PBXFileReference; lastKnownFileType = sourcecode.swift; path = ContentView.swift; sourceTree = "<group>"; };
		246C48D72B48485C00B0D936 /* Assets.xcassets */ = {isa = PBXFileReference; lastKnownFileType = folder.assetcatalog; path = Assets.xcassets; sourceTree = "<group>"; };
		246C48DA2B48485C00B0D936 /* Preview Assets.xcassets */ = {isa = PBXFileReference; lastKnownFileType = folder.assetcatalog; path = "Preview Assets.xcassets"; sourceTree = "<group>"; };
		246C48DC2B48485C00B0D936 /* Perpustakaan.entitlements */ = {isa = PBXFileReference; lastKnownFileType = text.plist.entitlements; path = Perpustakaan.entitlements; sourceTree = "<group>"; };
		246C48E22B484BD700B0D936 /* StackBarNavigationView.swift */ = {isa = PBXFileReference; lastKnownFileType = sourcecode.swift; path = StackBarNavigationView.swift; sourceTree = "<group>"; };
		246C48E42B484C9F00B0D936 /* ContentView.swift */ = {isa = PBXFileReference; fileEncoding = 4; lastKnownFileType = sourcecode.swift; path = ContentView.swift; sourceTree = "<group>"; };
		246C48E52B484C9F00B0D936 /* StackBarNavigationView.swift */ = {isa = PBXFileReference; fileEncoding = 4; lastKnownFileType = sourcecode.swift; path = StackBarNavigationView.swift; sourceTree = "<group>"; };
		246C48E82B484CBD00B0D936 /* Models.swift */ = {isa = PBXFileReference; fileEncoding = 4; lastKnownFileType = sourcecode.swift; path = Models.swift; sourceTree = "<group>"; };
		246C48E92B484CBD00B0D936 /* SideBar.swift */ = {isa = PBXFileReference; fileEncoding = 4; lastKnownFileType = sourcecode.swift; path = SideBar.swift; sourceTree = "<group>"; };
		246C48EA2B484CBD00B0D936 /* ViewModel.swift */ = {isa = PBXFileReference; fileEncoding = 4; lastKnownFileType = sourcecode.swift; path = ViewModel.swift; sourceTree = "<group>"; };
		246C48EB2B484CBD00B0D936 /* TransactionListView.swift */ = {isa = PBXFileReference; fileEncoding = 4; lastKnownFileType = sourcecode.swift; path = TransactionListView.swift; sourceTree = "<group>"; };
		246C48EC2B484CBE00B0D936 /* ProductListView.swift */ = {isa = PBXFileReference; fileEncoding = 4; lastKnownFileType = sourcecode.swift; path = ProductListView.swift; sourceTree = "<group>"; };
		246C48ED2B484CBE00B0D936 /* MakeTransactionView.swift */ = {isa = PBXFileReference; fileEncoding = 4; lastKnownFileType = sourcecode.swift; path = MakeTransactionView.swift; sourceTree = "<group>"; };
		246C48EE2B484CBE00B0D936 /* TransactionDetailView.swift */ = {isa = PBXFileReference; fileEncoding = 4; lastKnownFileType = sourcecode.swift; path = TransactionDetailView.swift; sourceTree = "<group>"; };
		246C48EF2B484CBE00B0D936 /* DummyView.swift */ = {isa = PBXFileReference; fileEncoding = 4; lastKnownFileType = sourcecode.swift; path = DummyView.swift; sourceTree = "<group>"; };
		246C48F82B484CD400B0D936 /* AppState.swift */ = {isa = PBXFileReference; fileEncoding = 4; lastKnownFileType = sourcecode.swift; path = AppState.swift; sourceTree = "<group>"; };
/* End PBXFileReference section */

/* Begin PBXFrameworksBuildPhase section */
		246C48CD2B48485A00B0D936 /* Frameworks */ = {
			isa = PBXFrameworksBuildPhase;
			buildActionMask = 2147483647;
			files = (
			);
			runOnlyForDeploymentPostprocessing = 0;
		};
/* End PBXFrameworksBuildPhase section */

/* Begin PBXGroup section */
		246C48C72B48485A00B0D936 = {
			isa = PBXGroup;
			children = (
				246C48D22B48485A00B0D936 /* Perpustakaan */,
				246C48D12B48485A00B0D936 /* Products */,
			);
			sourceTree = "<group>";
		};
		246C48D12B48485A00B0D936 /* Products */ = {
			isa = PBXGroup;
			children = (
				246C48D02B48485A00B0D936 /* Perpustakaan.app */,
			);
			name = Products;
			sourceTree = "<group>";
		};
		246C48D22B48485A00B0D936 /* Perpustakaan */ = {
			isa = PBXGroup;
			children = (
				246C48E22B484BD700B0D936 /* StackBarNavigationView.swift */,
				246C48E42B484C9F00B0D936 /* ContentView.swift */,
				246C48E52B484C9F00B0D936 /* StackBarNavigationView.swift */,
				246C48D32B48485A00B0D936 /* PerpustakaanApp.swift */,
				246C48D52B48485A00B0D936 /* ContentView.swift */,
				246C48D72B48485C00B0D936 /* Assets.xcassets */,
				246C48DC2B48485C00B0D936 /* Perpustakaan.entitlements */,
				246C48EF2B484CBE00B0D936 /* DummyView.swift */,
				246C48ED2B484CBE00B0D936 /* MakeTransactionView.swift */,
				246C48E82B484CBD00B0D936 /* Models.swift */,
				246C48EC2B484CBE00B0D936 /* ProductListView.swift */,
				246C48E92B484CBD00B0D936 /* SideBar.swift */,
				246C48EE2B484CBE00B0D936 /* TransactionDetailView.swift */,
				246C48EB2B484CBD00B0D936 /* TransactionListView.swift */,
				246C48EA2B484CBD00B0D936 /* ViewModel.swift */,
				246C48F82B484CD400B0D936 /* AppState.swift */,
				246C48D92B48485C00B0D936 /* Preview Content */,
			);
			path = Perpustakaan;
			sourceTree = "<group>";
		};
		246C48D92B48485C00B0D936 /* Preview Content */ = {
			isa = PBXGroup;
			children = (
				246C48DA2B48485C00B0D936 /* Preview Assets.xcassets */,
			);
			path = "Preview Content";
			sourceTree = "<group>";
		};
/* End PBXGroup section */

/* Begin PBXNativeTarget section */
		246C48CF2B48485A00B0D936 /* Perpustakaan */ = {
			isa = PBXNativeTarget;
			buildConfigurationList = 246C48DF2B48485C00B0D936 /* Build configuration list for PBXNativeTarget "Perpustakaan" */;
			buildPhases = (
				246C48CC2B48485A00B0D936 /* Sources */,
				246C48CD2B48485A00B0D936 /* Frameworks */,
				246C48CE2B48485A00B0D936 /* Resources */,
			);
			buildRules = (
			);
			dependencies = (
			);
			name = Perpustakaan;
			productName = Perpustakaan;
			productReference = 246C48D02B48485A00B0D936 /* Perpustakaan.app */;
			productType = "com.apple.product-type.application";
		};
/* End PBXNativeTarget section */

/* Begin PBXProject section */
		246C48C82B48485A00B0D936 /* Project object */ = {
			isa = PBXProject;
			attributes = {
				BuildIndependentTargetsInParallel = 1;
				LastSwiftUpdateCheck = 1510;
				LastUpgradeCheck = 1510;
				TargetAttributes = {
					246C48CF2B48485A00B0D936 = {
						CreatedOnToolsVersion = 15.1;
					};
				};
			};
			buildConfigurationList = 246C48CB2B48485A00B0D936 /* Build configuration list for PBXProject "Perpustakaan" */;
			compatibilityVersion = "Xcode 14.0";
			developmentRegion = en;
			hasScannedForEncodings = 0;
			knownRegions = (
				en,
				Base,
			);
			mainGroup = 246C48C72B48485A00B0D936;
			productRefGroup = 246C48D12B48485A00B0D936 /* Products */;
			projectDirPath = "";
			projectRoot = "";
			targets = (
				246C48CF2B48485A00B0D936 /* Perpustakaan */,
			);
		};
/* End PBXProject section */

/* Begin PBXResourcesBuildPhase section */
		246C48CE2B48485A00B0D936 /* Resources */ = {
			isa = PBXResourcesBuildPhase;
			buildActionMask = 2147483647;
			files = (
				246C48DB2B48485C00B0D936 /* Preview Assets.xcassets in Resources */,
				246C48D82B48485C00B0D936 /* Assets.xcassets in Resources */,
			);
			runOnlyForDeploymentPostprocessing = 0;
		};
/* End PBXResourcesBuildPhase section */

/* Begin PBXSourcesBuildPhase section */
		246C48CC2B48485A00B0D936 /* Sources */ = {
			isa = PBXSourcesBuildPhase;
			buildActionMask = 2147483647;
			files = (
				246C48F72B484CBE00B0D936 /* DummyView.swift in Sources */,
				246C48D62B48485A00B0D936 /* ContentView.swift in Sources */,
				246C48D42B48485A00B0D936 /* PerpustakaanApp.swift in Sources */,
				246C48F32B484CBE00B0D936 /* TransactionListView.swift in Sources */,
				246C48F12B484CBE00B0D936 /* SideBar.swift in Sources */,
				246C48F42B484CBE00B0D936 /* ProductListView.swift in Sources */,
				246C48E62B484C9F00B0D936 /* ContentView.swift in Sources */,
				246C48F62B484CBE00B0D936 /* TransactionDetailView.swift in Sources */,
				246C48F52B484CBE00B0D936 /* MakeTransactionView.swift in Sources */,
				246C48F92B484CD400B0D936 /* AppState.swift in Sources */,
				246C48F02B484CBE00B0D936 /* Models.swift in Sources */,
				246C48E32B484BD700B0D936 /* StackBarNavigationView.swift in Sources */,
				246C48F22B484CBE00B0D936 /* ViewModel.swift in Sources */,
				246C48E72B484C9F00B0D936 /* StackBarNavigationView.swift in Sources */,
			);
			runOnlyForDeploymentPostprocessing = 0;
		};
/* End PBXSourcesBuildPhase section */

/* Begin XCBuildConfiguration section */
		246C48DD2B48485C00B0D936 /* Debug */ = {
			isa = XCBuildConfiguration;
			buildSettings = {
				ALWAYS_SEARCH_USER_PATHS = NO;
				ASSETCATALOG_COMPILER_GENERATE_SWIFT_ASSET_SYMBOL_EXTENSIONS = YES;
				CLANG_ANALYZER_NONNULL = YES;
				CLANG_ANALYZER_NUMBER_OBJECT_CONVERSION = YES_AGGRESSIVE;
				CLANG_CXX_LANGUAGE_STANDARD = "gnu++20";
				CLANG_ENABLE_MODULES = YES;
				CLANG_ENABLE_OBJC_ARC = YES;
				CLANG_ENABLE_OBJC_WEAK = YES;
				CLANG_WARN_BLOCK_CAPTURE_AUTORELEASING = YES;
				CLANG_WARN_BOOL_CONVERSION = YES;
				CLANG_WARN_COMMA = YES;
				CLANG_WARN_CONSTANT_CONVERSION = YES;
				CLANG_WARN_DEPRECATED_OBJC_IMPLEMENTATIONS = YES;
				CLANG_WARN_DIRECT_OBJC_ISA_USAGE = YES_ERROR;
				CLANG_WARN_DOCUMENTATION_COMMENTS = YES;
				CLANG_WARN_EMPTY_BODY = YES;
				CLANG_WARN_ENUM_CONVERSION = YES;
				CLANG_WARN_INFINITE_RECURSION = YES;
				CLANG_WARN_INT_CONVERSION = YES;
				CLANG_WARN_NON_LITERAL_NULL_CONVERSION = YES;
				CLANG_WARN_OBJC_IMPLICIT_RETAIN_SELF = YES;
				CLANG_WARN_OBJC_LITERAL_CONVERSION = YES;
				CLANG_WARN_OBJC_ROOT_CLASS = YES_ERROR;
				CLANG_WARN_QUOTED_INCLUDE_IN_FRAMEWORK_HEADER = YES;
				CLANG_WARN_RANGE_LOOP_ANALYSIS = YES;
				CLANG_WARN_STRICT_PROTOTYPES = YES;
				CLANG_WARN_SUSPICIOUS_MOVE = YES;
				CLANG_WARN_UNGUARDED_AVAILABILITY = YES_AGGRESSIVE;
				CLANG_WARN_UNREACHABLE_CODE = YES;
				CLANG_WARN__DUPLICATE_METHOD_MATCH = YES;
				COPY_PHASE_STRIP = NO;
				DEBUG_INFORMATION_FORMAT = dwarf;
				ENABLE_STRICT_OBJC_MSGSEND = YES;
				ENABLE_TESTABILITY = YES;
				ENABLE_USER_SCRIPT_SANDBOXING = YES;
				GCC_C_LANGUAGE_STANDARD = gnu17;
				GCC_DYNAMIC_NO_PIC = NO;
				GCC_NO_COMMON_BLOCKS = YES;
				GCC_OPTIMIZATION_LEVEL = 0;
				GCC_PREPROCESSOR_DEFINITIONS = (
					"DEBUG=1",
					"$(inherited)",
				);
				GCC_WARN_64_TO_32_BIT_CONVERSION = YES;
				GCC_WARN_ABOUT_RETURN_TYPE = YES_ERROR;
				GCC_WARN_UNDECLARED_SELECTOR = YES;
				GCC_WARN_UNINITIALIZED_AUTOS = YES_AGGRESSIVE;
				GCC_WARN_UNUSED_FUNCTION = YES;
				GCC_WARN_UNUSED_VARIABLE = YES;
				LOCALIZATION_PREFERS_STRING_CATALOGS = YES;
				MACOSX_DEPLOYMENT_TARGET = 14.1;
				MTL_ENABLE_DEBUG_INFO = INCLUDE_SOURCE;
				MTL_FAST_MATH = YES;
				ONLY_ACTIVE_ARCH = YES;
				SDKROOT = macosx;
				SWIFT_ACTIVE_COMPILATION_CONDITIONS = "DEBUG $(inherited)";
				SWIFT_OPTIMIZATION_LEVEL = "-Onone";
			};
			name = Debug;
		};
		246C48DE2B48485C00B0D936 /* Release */ = {
			isa = XCBuildConfiguration;
			buildSettings = {
				ALWAYS_SEARCH_USER_PATHS = NO;
				ASSETCATALOG_COMPILER_GENERATE_SWIFT_ASSET_SYMBOL_EXTENSIONS = YES;
				CLANG_ANALYZER_NONNULL = YES;
				CLANG_ANALYZER_NUMBER_OBJECT_CONVERSION = YES_AGGRESSIVE;
				CLANG_CXX_LANGUAGE_STANDARD = "gnu++20";
				CLANG_ENABLE_MODULES = YES;
				CLANG_ENABLE_OBJC_ARC = YES;
				CLANG_ENABLE_OBJC_WEAK = YES;
				CLANG_WARN_BLOCK_CAPTURE_AUTORELEASING = YES;
				CLANG_WARN_BOOL_CONVERSION = YES;
				CLANG_WARN_COMMA = YES;
				CLANG_WARN_CONSTANT_CONVERSION = YES;
				CLANG_WARN_DEPRECATED_OBJC_IMPLEMENTATIONS = YES;
				CLANG_WARN_DIRECT_OBJC_ISA_USAGE = YES_ERROR;
				CLANG_WARN_DOCUMENTATION_COMMENTS = YES;
				CLANG_WARN_EMPTY_BODY = YES;
				CLANG_WARN_ENUM_CONVERSION = YES;
				CLANG_WARN_INFINITE_RECURSION = YES;
				CLANG_WARN_INT_CONVERSION = YES;
				CLANG_WARN_NON_LITERAL_NULL_CONVERSION = YES;
				CLANG_WARN_OBJC_IMPLICIT_RETAIN_SELF = YES;
				CLANG_WARN_OBJC_LITERAL_CONVERSION = YES;
				CLANG_WARN_OBJC_ROOT_CLASS = YES_ERROR;
				CLANG_WARN_QUOTED_INCLUDE_IN_FRAMEWORK_HEADER = YES;
				CLANG_WARN_RANGE_LOOP_ANALYSIS = YES;
				CLANG_WARN_STRICT_PROTOTYPES = YES;
				CLANG_WARN_SUSPICIOUS_MOVE = YES;
				CLANG_WARN_UNGUARDED_AVAILABILITY = YES_AGGRESSIVE;
				CLANG_WARN_UNREACHABLE_CODE = YES;
				CLANG_WARN__DUPLICATE_METHOD_MATCH = YES;
				COPY_PHASE_STRIP = NO;
				DEBUG_INFORMATION_FORMAT = "dwarf-with-dsym";
				ENABLE_NS_ASSERTIONS = NO;
				ENABLE_STRICT_OBJC_MSGSEND = YES;
				ENABLE_USER_SCRIPT_SANDBOXING = YES;
				GCC_C_LANGUAGE_STANDARD = gnu17;
				GCC_NO_COMMON_BLOCKS = YES;
				GCC_WARN_64_TO_32_BIT_CONVERSION = YES;
				GCC_WARN_ABOUT_RETURN_TYPE = YES_ERROR;
				GCC_WARN_UNDECLARED_SELECTOR = YES;
				GCC_WARN_UNINITIALIZED_AUTOS = YES_AGGRESSIVE;
				GCC_WARN_UNUSED_FUNCTION = YES;
				GCC_WARN_UNUSED_VARIABLE = YES;
				LOCALIZATION_PREFERS_STRING_CATALOGS = YES;
				MACOSX_DEPLOYMENT_TARGET = 14.1;
				MTL_ENABLE_DEBUG_INFO = NO;
				MTL_FAST_MATH = YES;
				SDKROOT = macosx;
				SWIFT_COMPILATION_MODE = wholemodule;
			};
			name = Release;
		};
		246C48E02B48485C00B0D936 /* Debug */ = {
			isa = XCBuildConfiguration;
			buildSettings = {
				ASSETCATALOG_COMPILER_APPICON_NAME = AppIcon;
				ASSETCATALOG_COMPILER_GLOBAL_ACCENT_COLOR_NAME = AccentColor;
				CODE_SIGN_ENTITLEMENTS = Perpustakaan/Perpustakaan.entitlements;
				CODE_SIGN_STYLE = Automatic;
				COMBINE_HIDPI_IMAGES = YES;
				CURRENT_PROJECT_VERSION = 1;
				DEVELOPMENT_ASSET_PATHS = "\"Perpustakaan/Preview Content\"";
				DEVELOPMENT_TEAM = C5Y49KMGJ2;
				ENABLE_HARDENED_RUNTIME = YES;
				ENABLE_PREVIEWS = YES;
				GENERATE_INFOPLIST_FILE = YES;
				INFOPLIST_KEY_NSHumanReadableCopyright = "";
				LD_RUNPATH_SEARCH_PATHS = (
					"$(inherited)",
					"@executable_path/../Frameworks",
				);
				MARKETING_VERSION = 1.0;
				PRODUCT_BUNDLE_IDENTIFIER = felicia.Perpustakaan;
				PRODUCT_NAME = "$(TARGET_NAME)";
				SWIFT_EMIT_LOC_STRINGS = YES;
				SWIFT_VERSION = 5.0;
			};
			name = Debug;
		};
		246C48E12B48485C00B0D936 /* Release */ = {
			isa = XCBuildConfiguration;
			buildSettings = {
				ASSETCATALOG_COMPILER_APPICON_NAME = AppIcon;
				ASSETCATALOG_COMPILER_GLOBAL_ACCENT_COLOR_NAME = AccentColor;
				CODE_SIGN_ENTITLEMENTS = Perpustakaan/Perpustakaan.entitlements;
				CODE_SIGN_STYLE = Automatic;
				COMBINE_HIDPI_IMAGES = YES;
				CURRENT_PROJECT_VERSION = 1;
				DEVELOPMENT_ASSET_PATHS = "\"Perpustakaan/Preview Content\"";
				DEVELOPMENT_TEAM = C5Y49KMGJ2;
				ENABLE_HARDENED_RUNTIME = YES;
				ENABLE_PREVIEWS = YES;
				GENERATE_INFOPLIST_FILE = YES;
				INFOPLIST_KEY_NSHumanReadableCopyright = "";
				LD_RUNPATH_SEARCH_PATHS = (
					"$(inherited)",
					"@executable_path/../Frameworks",
				);
				MARKETING_VERSION = 1.0;
				PRODUCT_BUNDLE_IDENTIFIER = felicia.Perpustakaan;
				PRODUCT_NAME = "$(TARGET_NAME)";
				SWIFT_EMIT_LOC_STRINGS = YES;
				SWIFT_VERSION = 5.0;
			};
			name = Release;
		};
/* End XCBuildConfiguration section */

/* Begin XCConfigurationList section */
		246C48CB2B48485A00B0D936 /* Build configuration list for PBXProject "Perpustakaan" */ = {
			isa = XCConfigurationList;
			buildConfigurations = (
				246C48DD2B48485C00B0D936 /* Debug */,
				246C48DE2B48485C00B0D936 /* Release */,
			);
			defaultConfigurationIsVisible = 0;
			defaultConfigurationName = Release;
		};
		246C48DF2B48485C00B0D936 /* Build configuration list for PBXNativeTarget "Perpustakaan" */ = {
			isa = XCConfigurationList;
			buildConfigurations = (
				246C48E02B48485C00B0D936 /* Debug */,
				246C48E12B48485C00B0D936 /* Release */,
			);
			defaultConfigurationIsVisible = 0;
			defaultConfigurationName = Release;
		};
/* End XCConfigurationList section */
	};
	rootObject = 246C48C82B48485A00B0D936 /* Project object */;
}
